version = 1
revision = 2
requires-python = ">=3.10"
resolution-markers = [
    "python_full_version >= '3.12'",
    "python_full_version < '3.12'",
]

[[package]]
name = "filelock"
version = "3.16.1"
source = { registry = "https://download.pytorch.org/whl/nightly/cu128" }
wheels = [
    { url = "https://download.pytorch.org/whl/nightly/filelock-3.16.1-py3-none-any.whl" },
]

[[package]]
name = "fsspec"
version = "2024.10.0"
source = { registry = "https://download.pytorch.org/whl/nightly/cu128" }
wheels = [
    { url = "https://download.pytorch.org/whl/nightly/fsspec-2024.10.0-py3-none-any.whl" },
]

[[package]]
name = "jinja2"
version = "3.1.4"
source = { registry = "https://download.pytorch.org/whl/nightly/cu128" }
dependencies = [
    { name = "markupsafe" },
]
wheels = [
    { url = "https://download.pytorch.org/whl/nightly/Jinja2-3.1.4-py3-none-any.whl" },
    { url = "https://download.pytorch.org/whl/nightly/jinja2-3.1.4-py3-none-any.whl" },
]

[[package]]
name = "markupsafe"
version = "2.1.5"
source = { registry = "https://download.pytorch.org/whl/nightly/cu128" }
sdist = { url = "https://download.pytorch.org/whl/nightly/MarkupSafe-2.1.5.tar.gz" }
wheels = [
    { url = "https://download.pytorch.org/whl/nightly/MarkupSafe-2.1.5-cp310-cp310-macosx_10_9_universal2.whl" },
    { url = "https://download.pytorch.org/whl/nightly/MarkupSafe-2.1.5-cp310-cp310-macosx_10_9_x86_64.whl" },
    { url = "https://download.pytorch.org/whl/nightly/MarkupSafe-2.1.5-cp310-cp310-manylinux_2_17_aarch64.manylinux2014_aarch64.whl" },
    { url = "https://download.pytorch.org/whl/nightly/MarkupSafe-2.1.5-cp310-cp310-manylinux_2_17_x86_64.manylinux2014_x86_64.whl" },
    { url = "https://download.pytorch.org/whl/nightly/MarkupSafe-2.1.5-cp310-cp310-manylinux_2_5_i686.manylinux1_i686.manylinux_2_17_i686.manylinux2014_i686.whl" },
    { url = "https://download.pytorch.org/whl/nightly/MarkupSafe-2.1.5-cp310-cp310-win_amd64.whl" },
    { url = "https://download.pytorch.org/whl/nightly/MarkupSafe-2.1.5-cp311-cp311-macosx_10_9_universal2.whl" },
    { url = "https://download.pytorch.org/whl/nightly/MarkupSafe-2.1.5-cp311-cp311-macosx_10_9_x86_64.whl" },
    { url = "https://download.pytorch.org/whl/nightly/MarkupSafe-2.1.5-cp311-cp311-manylinux_2_17_aarch64.manylinux2014_aarch64.whl" },
    { url = "https://download.pytorch.org/whl/nightly/MarkupSafe-2.1.5-cp311-cp311-manylinux_2_17_x86_64.manylinux2014_x86_64.whl" },
    { url = "https://download.pytorch.org/whl/nightly/MarkupSafe-2.1.5-cp311-cp311-manylinux_2_5_i686.manylinux1_i686.manylinux_2_17_i686.manylinux2014_i686.whl" },
    { url = "https://download.pytorch.org/whl/nightly/MarkupSafe-2.1.5-cp311-cp311-win_amd64.whl" },
    { url = "https://download.pytorch.org/whl/nightly/MarkupSafe-2.1.5-cp312-cp312-macosx_10_9_universal2.whl" },
    { url = "https://download.pytorch.org/whl/nightly/MarkupSafe-2.1.5-cp312-cp312-macosx_10_9_x86_64.whl" },
    { url = "https://download.pytorch.org/whl/nightly/MarkupSafe-2.1.5-cp312-cp312-manylinux_2_17_aarch64.manylinux2014_aarch64.whl" },
    { url = "https://download.pytorch.org/whl/nightly/MarkupSafe-2.1.5-cp312-cp312-manylinux_2_17_x86_64.manylinux2014_x86_64.whl" },
    { url = "https://download.pytorch.org/whl/nightly/MarkupSafe-2.1.5-cp312-cp312-manylinux_2_5_i686.manylinux1_i686.manylinux_2_17_i686.manylinux2014_i686.whl" },
    { url = "https://download.pytorch.org/whl/nightly/MarkupSafe-2.1.5-cp312-cp312-win_amd64.whl" },
]

[[package]]
name = "mpmath"
version = "1.3.0"
source = { registry = "https://download.pytorch.org/whl/nightly/cu128" }
wheels = [
    { url = "https://download.pytorch.org/whl/nightly/mpmath-1.3.0-py3-none-any.whl" },
]

[[package]]
name = "networkx"
version = "3.4.2"
source = { registry = "https://download.pytorch.org/whl/nightly/cu128" }
wheels = [
    { url = "https://download.pytorch.org/whl/nightly/networkx-3.4.2-py3-none-any.whl" },
]

[[package]]
name = "nvidia-cublas-cu12"
version = "12.8.3.14"
source = { registry = "https://download.pytorch.org/whl/nightly/cu128" }
wheels = [
    { url = "https://download.pytorch.org/whl/nightly/cu128/nvidia_cublas_cu12-12.8.3.14-py3-none-manylinux_2_27_x86_64.whl" },
]

[[package]]
name = "nvidia-cuda-cupti-cu12"
version = "12.8.57"
source = { registry = "https://download.pytorch.org/whl/nightly/cu128" }
wheels = [
    { url = "https://download.pytorch.org/whl/nightly/cu128/nvidia_cuda_cupti_cu12-12.8.57-py3-none-manylinux2014_x86_64.manylinux_2_17_x86_64.whl" },
]

[[package]]
name = "nvidia-cuda-nvrtc-cu12"
version = "12.8.61"
source = { registry = "https://download.pytorch.org/whl/nightly/cu128" }
wheels = [
    { url = "https://download.pytorch.org/whl/nightly/cu128/nvidia_cuda_nvrtc_cu12-12.8.61-py3-none-manylinux2010_x86_64.manylinux_2_12_x86_64.whl" },
]

[[package]]
name = "nvidia-cuda-runtime-cu12"
version = "12.8.57"
source = { registry = "https://download.pytorch.org/whl/nightly/cu128" }
wheels = [
    { url = "https://download.pytorch.org/whl/nightly/cu128/nvidia_cuda_runtime_cu12-12.8.57-py3-none-manylinux2014_x86_64.manylinux_2_17_x86_64.whl" },
]

[[package]]
name = "nvidia-cudnn-cu12"
version = "9.8.0.87"
source = { registry = "https://download.pytorch.org/whl/nightly/cu128" }
dependencies = [
    { name = "nvidia-cublas-cu12" },
]
wheels = [
    { url = "https://download.pytorch.org/whl/nightly/cu128/nvidia_cudnn_cu12-9.8.0.87-py3-none-manylinux_2_27_x86_64.whl" },
]

[[package]]
name = "nvidia-cufft-cu12"
version = "11.3.3.41"
source = { registry = "https://download.pytorch.org/whl/nightly/cu128" }
dependencies = [
    { name = "nvidia-nvjitlink-cu12" },
]
wheels = [
    { url = "https://download.pytorch.org/whl/nightly/cu128/nvidia_cufft_cu12-11.3.3.41-py3-none-manylinux2014_x86_64.manylinux_2_17_x86_64.whl" },
]

[[package]]
name = "nvidia-cufile-cu12"
version = "1.13.0.11"
source = { registry = "https://download.pytorch.org/whl/nightly/cu128" }
wheels = [
    { url = "https://download.pytorch.org/whl/nightly/cu128/nvidia_cufile_cu12-1.13.0.11-py3-none-manylinux2014_x86_64.manylinux_2_17_x86_64.whl" },
]

[[package]]
name = "nvidia-curand-cu12"
version = "10.3.9.55"
source = { registry = "https://download.pytorch.org/whl/nightly/cu128" }
wheels = [
    { url = "https://download.pytorch.org/whl/nightly/cu128/nvidia_curand_cu12-10.3.9.55-py3-none-manylinux_2_27_x86_64.whl" },
]

[[package]]
name = "nvidia-cusolver-cu12"
version = "11.7.2.55"
source = { registry = "https://download.pytorch.org/whl/nightly/cu128" }
dependencies = [
    { name = "nvidia-cublas-cu12" },
    { name = "nvidia-cusparse-cu12" },
    { name = "nvidia-nvjitlink-cu12" },
]
wheels = [
    { url = "https://download.pytorch.org/whl/nightly/cu128/nvidia_cusolver_cu12-11.7.2.55-py3-none-manylinux_2_27_x86_64.whl" },
]

[[package]]
name = "nvidia-cusparse-cu12"
version = "12.5.7.53"
source = { registry = "https://download.pytorch.org/whl/nightly/cu128" }
dependencies = [
    { name = "nvidia-nvjitlink-cu12" },
]
wheels = [
    { url = "https://download.pytorch.org/whl/nightly/cu128/nvidia_cusparse_cu12-12.5.7.53-py3-none-manylinux2014_x86_64.manylinux_2_17_x86_64.whl" },
]

[[package]]
name = "nvidia-cusparselt-cu12"
version = "0.6.3"
source = { registry = "https://download.pytorch.org/whl/nightly/cu128" }
wheels = [
    { url = "https://download.pytorch.org/whl/nightly/cu128/nvidia_cusparselt_cu12-0.6.3-py3-none-manylinux2014_x86_64.whl" },
]

[[package]]
name = "nvidia-nccl-cu12"
version = "2.26.2"
source = { registry = "https://download.pytorch.org/whl/nightly/cu128" }
wheels = [
    { url = "https://download.pytorch.org/whl/nightly/cu128/nvidia_nccl_cu12-2.26.2-py3-none-manylinux2014_x86_64.manylinux_2_17_x86_64.whl" },
]

[[package]]
name = "nvidia-nvjitlink-cu12"
version = "12.8.61"
source = { registry = "https://download.pytorch.org/whl/nightly/cu128" }
wheels = [
    { url = "https://download.pytorch.org/whl/nightly/cu128/nvidia_nvjitlink_cu12-12.8.61-py3-none-manylinux2010_x86_64.manylinux_2_12_x86_64.whl" },
]

[[package]]
name = "nvidia-nvtx-cu12"
version = "12.8.55"
source = { registry = "https://download.pytorch.org/whl/nightly/cu128" }
wheels = [
    { url = "https://download.pytorch.org/whl/nightly/cu128/nvidia_nvtx_cu12-12.8.55-py3-none-manylinux2014_x86_64.manylinux_2_17_x86_64.whl" },
]

[[package]]
name = "pytorch-triton"
version = "3.3.0+git96316ce5"
source = { registry = "https://download.pytorch.org/whl/nightly/cu128" }
dependencies = [
    { name = "setuptools" },
]
wheels = [
    { url = "https://download.pytorch.org/whl/nightly/pytorch_triton-3.3.0%2Bgit96316ce5-cp310-cp310-linux_aarch64.whl" },
    { url = "https://download.pytorch.org/whl/nightly/pytorch_triton-3.3.0%2Bgit96316ce5-cp310-cp310-manylinux_2_27_x86_64.manylinux_2_28_x86_64.whl" },
    { url = "https://download.pytorch.org/whl/nightly/pytorch_triton-3.3.0%2Bgit96316ce5-cp311-cp311-linux_aarch64.whl" },
    { url = "https://download.pytorch.org/whl/nightly/pytorch_triton-3.3.0%2Bgit96316ce5-cp311-cp311-manylinux_2_27_x86_64.manylinux_2_28_x86_64.whl" },
    { url = "https://download.pytorch.org/whl/nightly/pytorch_triton-3.3.0%2Bgit96316ce5-cp312-cp312-linux_aarch64.whl" },
    { url = "https://download.pytorch.org/whl/nightly/pytorch_triton-3.3.0%2Bgit96316ce5-cp312-cp312-manylinux_2_27_x86_64.manylinux_2_28_x86_64.whl" },
    { url = "https://download.pytorch.org/whl/nightly/pytorch_triton-3.3.0%2Bgit96316ce5-cp313-cp313-linux_aarch64.whl" },
    { url = "https://download.pytorch.org/whl/nightly/pytorch_triton-3.3.0%2Bgit96316ce5-cp313-cp313-manylinux_2_27_x86_64.manylinux_2_28_x86_64.whl" },
    { url = "https://download.pytorch.org/whl/nightly/pytorch_triton-3.3.0%2Bgit96316ce5-cp313-cp313t-linux_aarch64.whl" },
    { url = "https://download.pytorch.org/whl/nightly/pytorch_triton-3.3.0%2Bgit96316ce5-cp313-cp313t-manylinux_2_27_x86_64.manylinux_2_28_x86_64.whl" },
]

[[package]]
name = "sae"
version = "0.1.0"
source = { editable = "." }
dependencies = [
    { name = "torch" },
]

[package.metadata]
requires-dist = [{ name = "torch", index = "https://download.pytorch.org/whl/nightly/cu128" }]

[package.metadata.requires-dev]
dev = []

[[package]]
name = "setuptools"
version = "70.2.0"
source = { registry = "https://download.pytorch.org/whl/nightly/cu128" }
wheels = [
    { url = "https://download.pytorch.org/whl/nightly/setuptools-70.2.0-py3-none-any.whl" },
]

[[package]]
name = "sympy"
version = "1.13.3"
source = { registry = "https://download.pytorch.org/whl/nightly/cu128" }
dependencies = [
    { name = "mpmath" },
]
wheels = [
    { url = "https://download.pytorch.org/whl/nightly/sympy-1.13.3-py3-none-any.whl" },
]

[[package]]
name = "torch"
version = "2.8.0.dev20250501+cu128"
source = { registry = "https://download.pytorch.org/whl/nightly/cu128" }
dependencies = [
    { name = "filelock" },
    { name = "fsspec" },
    { name = "jinja2" },
    { name = "networkx" },
    { name = "nvidia-cublas-cu12", marker = "platform_machine == 'x86_64' and sys_platform == 'linux'" },
    { name = "nvidia-cuda-cupti-cu12", marker = "platform_machine == 'x86_64' and sys_platform == 'linux'" },
    { name = "nvidia-cuda-nvrtc-cu12", marker = "platform_machine == 'x86_64' and sys_platform == 'linux'" },
    { name = "nvidia-cuda-runtime-cu12", marker = "platform_machine == 'x86_64' and sys_platform == 'linux'" },
    { name = "nvidia-cudnn-cu12", marker = "platform_machine == 'x86_64' and sys_platform == 'linux'" },
    { name = "nvidia-cufft-cu12", marker = "platform_machine == 'x86_64' and sys_platform == 'linux'" },
    { name = "nvidia-cufile-cu12", marker = "platform_machine == 'x86_64' and sys_platform == 'linux'" },
    { name = "nvidia-curand-cu12", marker = "platform_machine == 'x86_64' and sys_platform == 'linux'" },
    { name = "nvidia-cusolver-cu12", marker = "platform_machine == 'x86_64' and sys_platform == 'linux'" },
    { name = "nvidia-cusparse-cu12", marker = "platform_machine == 'x86_64' and sys_platform == 'linux'" },
    { name = "nvidia-cusparselt-cu12", marker = "platform_machine == 'x86_64' and sys_platform == 'linux'" },
    { name = "nvidia-nccl-cu12", marker = "platform_machine == 'x86_64' and sys_platform == 'linux'" },
    { name = "nvidia-nvjitlink-cu12", marker = "platform_machine == 'x86_64' and sys_platform == 'linux'" },
    { name = "nvidia-nvtx-cu12", marker = "platform_machine == 'x86_64' and sys_platform == 'linux'" },
    { name = "pytorch-triton", marker = "sys_platform == 'linux'" },
    { name = "setuptools", marker = "python_full_version >= '3.12'" },
    { name = "sympy" },
    { name = "typing-extensions" },
]
wheels = [
    { url = "https://download.pytorch.org/whl/nightly/cu128/torch-2.8.0.dev20250501%2Bcu128-cp310-cp310-manylinux_2_28_aarch64.whl" },
    { url = "https://download.pytorch.org/whl/nightly/cu128/torch-2.8.0.dev20250501%2Bcu128-cp310-cp310-manylinux_2_28_x86_64.whl" },
    { url = "https://download.pytorch.org/whl/nightly/cu128/torch-2.8.0.dev20250501%2Bcu128-cp310-cp310-win_amd64.whl" },
    { url = "https://download.pytorch.org/whl/nightly/cu128/torch-2.8.0.dev20250501%2Bcu128-cp311-cp311-manylinux_2_28_aarch64.whl" },
    { url = "https://download.pytorch.org/whl/nightly/cu128/torch-2.8.0.dev20250501%2Bcu128-cp311-cp311-manylinux_2_28_x86_64.whl" },
    { url = "https://download.pytorch.org/whl/nightly/cu128/torch-2.8.0.dev20250501%2Bcu128-cp311-cp311-win_amd64.whl" },
    { url = "https://download.pytorch.org/whl/nightly/cu128/torch-2.8.0.dev20250501%2Bcu128-cp312-cp312-manylinux_2_28_aarch64.whl" },
    { url = "https://download.pytorch.org/whl/nightly/cu128/torch-2.8.0.dev20250501%2Bcu128-cp312-cp312-manylinux_2_28_x86_64.whl" },
    { url = "https://download.pytorch.org/whl/nightly/cu128/torch-2.8.0.dev20250501%2Bcu128-cp312-cp312-win_amd64.whl" },
    { url = "https://download.pytorch.org/whl/nightly/cu128/torch-2.8.0.dev20250501%2Bcu128-cp313-cp313-manylinux_2_28_aarch64.whl" },
    { url = "https://download.pytorch.org/whl/nightly/cu128/torch-2.8.0.dev20250501%2Bcu128-cp313-cp313-manylinux_2_28_x86_64.whl" },
    { url = "https://download.pytorch.org/whl/nightly/cu128/torch-2.8.0.dev20250501%2Bcu128-cp313-cp313-win_amd64.whl" },
    { url = "https://download.pytorch.org/whl/nightly/cu128/torch-2.8.0.dev20250501%2Bcu128-cp313-cp313t-manylinux_2_28_aarch64.whl" },
    { url = "https://download.pytorch.org/whl/nightly/cu128/torch-2.8.0.dev20250501%2Bcu128-cp313-cp313t-manylinux_2_28_x86_64.whl" },
    { url = "https://download.pytorch.org/whl/nightly/cu128/torch-2.8.0.dev20250501%2Bcu128-cp313-cp313t-win_amd64.whl" },
]

[[package]]
name = "typing-extensions"
version = "4.12.2"
source = { registry = "https://download.pytorch.org/whl/nightly/cu128" }
wheels = [
    { url = "https://download.pytorch.org/whl/nightly/typing_extensions-4.12.2-py3-none-any.whl" },
]
